Microsoft Visual Studio Solution File, Format Version 12.00
# Visual Studio Version 17
VisualStudioVersion = 17.5.2.0
MinimumVisualStudioVersion = 10.0.40219.1
Project("{FAE04EC0-301F-11D3-BF4B-00C04F79EFBC}") = "SnackGamePackServer", "SnackGamePackServer.csproj", "{69331A78-2E78-02DA-C2DB-876D44C941C8}"
EndProject
Global
	GlobalSection(SolutionConfigurationPlatforms) = preSolution
		Debug|Any CPU = Debug|Any CPU
		Release|Any CPU = Release|Any CPU
	EndGlobalSection
	GlobalSection(ProjectConfigurationPlatforms) = postSolution
		{69331A78-2E78-02DA-C2DB-876D44C941C8}.Debug|Any CPU.ActiveCfg = Debug|Any CPU
		{69331A78-2E78-02DA-C2DB-876D44C941C8}.Debug|Any CPU.Build.0 = Debug|Any CPU
		{69331A78-2E78-02DA-C2DB-876D44C941C8}.Release|Any CPU.ActiveCfg = Release|Any CPU
		{69331A78-2E78-02DA-C2DB-876D44C941C8}.Release|Any CPU.Build.0 = Release|Any CPU
	EndGlobalSection
	GlobalSection(SolutionProperties) = preSolution
		HideSolutionNode = FALSE
	EndGlobalSection
	GlobalSection(ExtensibilityGlobals) = postSolution
		SolutionGuid = {A44535E8-6527-4697-A8FF-6059FB4D32A0}
	EndGlobalSection
EndGlobal
